{
    "version": 3,
    "terraform_version": "0.11.1",
    "serial": 2,
    "lineage": "5a2c886c-c623-49c9-b386-7c81beef5756",
    "modules": [
        {
            "path": [
                "root"
            ],
            "outputs": {},
            "resources": {
                "aws_instance.www-2": {
                    "type": "aws_instance",
                    "depends_on": [],
                    "primary": {
                        "id": "i-0163a8c0146ccbb45",
                        "attributes": {
                            "ami": "ami-bf4193c7",
                            "associate_public_ip_address": "true",
                            "availability_zone": "us-west-2b",
                            "disable_api_termination": "false",
                            "ebs_block_device.#": "0",
                            "ebs_optimized": "false",
                            "ephemeral_block_device.#": "0",
                            "iam_instance_profile": "",
                            "id": "i-0163a8c0146ccbb45",
                            "instance_state": "running",
                            "instance_type": "t2.micro",
                            "ipv6_addresses.#": "0",
                            "key_name": "",
                            "monitoring": "false",
                            "network_interface.#": "0",
                            "network_interface_id": "eni-8bf5a3a8",
                            "placement_group": "",
                            "primary_network_interface_id": "eni-8bf5a3a8",
                            "private_dns": "ip-172-31-21-71.us-west-2.compute.internal",
                            "private_ip": "172.31.21.71",
                            "public_dns": "ec2-54-191-168-13.us-west-2.compute.amazonaws.com",
                            "public_ip": "54.191.168.13",
                            "root_block_device.#": "1",
                            "root_block_device.0.delete_on_termination": "true",
                            "root_block_device.0.iops": "100",
                            "root_block_device.0.volume_size": "8",
                            "root_block_device.0.volume_type": "gp2",
                            "security_groups.#": "1",
                            "security_groups.3814588639": "default",
                            "source_dest_check": "true",
                            "subnet_id": "subnet-3058b654",
                            "tags.%": "0",
                            "tenancy": "default",
                            "volume_tags.%": "0",
                            "vpc_security_group_ids.#": "0"
                        },
                        "meta": {
                            "e2bfb730-ecaa-11e6-8f88-34363bc7c4c0": {
                                "create": 600000000000,
                                "delete": 600000000000,
                                "update": 600000000000
                            },
                            "schema_version": "1"
                        },
                        "tainted": false
                    },
                    "deposed": [],
                    "provider": "provider.aws"
                }
            },
            "depends_on": []
        }
    ]
}
