{
    "version": 3,
    "terraform_version": "0.11.1",
    "serial": 17,
    "lineage": "5a2c886c-c623-49c9-b386-7c81beef5756",
    "modules": [
        {
            "path": [
                "root"
            ],
            "outputs": {
                "ip": {
                    "sensitive": false,
                    "type": "string",
                    "value": "54.200.123.181"
                }
            },
            "resources": {
                "aws_instance.www-aws": {
                    "type": "aws_instance",
                    "depends_on": [
                        "aws_key_pair.auth"
                    ],
                    "primary": {
                        "id": "i-0d7f49011535f965b",
                        "attributes": {
                            "ami": "ami-bf4193c7",
                            "associate_public_ip_address": "true",
                            "availability_zone": "us-west-2b",
                            "disable_api_termination": "false",
                            "ebs_block_device.#": "0",
                            "ebs_optimized": "false",
                            "ephemeral_block_device.#": "0",
                            "iam_instance_profile": "",
                            "id": "i-0d7f49011535f965b",
                            "instance_state": "running",
                            "instance_type": "t2.micro",
                            "ipv6_addresses.#": "0",
                            "key_name": "terraform-cred",
                            "monitoring": "false",
                            "network_interface.#": "0",
                            "network_interface_id": "eni-4fd6f36c",
                            "placement_group": "",
                            "primary_network_interface_id": "eni-4fd6f36c",
                            "private_dns": "ip-172-31-16-88.us-west-2.compute.internal",
                            "private_ip": "172.31.16.88",
                            "public_dns": "ec2-54-200-123-181.us-west-2.compute.amazonaws.com",
                            "public_ip": "54.200.123.181",
                            "root_block_device.#": "1",
                            "root_block_device.0.delete_on_termination": "true",
                            "root_block_device.0.iops": "100",
                            "root_block_device.0.volume_size": "8",
                            "root_block_device.0.volume_type": "gp2",
                            "security_groups.#": "1",
                            "security_groups.14724201": "www",
                            "source_dest_check": "true",
                            "subnet_id": "subnet-3058b654",
                            "tags.%": "0",
                            "tenancy": "default",
                            "volume_tags.%": "0",
                            "vpc_security_group_ids.#": "0"
                        },
                        "meta": {
                            "e2bfb730-ecaa-11e6-8f88-34363bc7c4c0": {
                                "create": 600000000000,
                                "delete": 600000000000,
                                "update": 600000000000
                            },
                            "schema_version": "1"
                        },
                        "tainted": false
                    },
                    "deposed": [],
                    "provider": "provider.aws"
                },
                "aws_key_pair.auth": {
                    "type": "aws_key_pair",
                    "depends_on": [],
                    "primary": {
                        "id": "terraform-cred",
                        "attributes": {
                            "fingerprint": "0f:a6:13:6a:af:07:24:f1:50:8d:5d:07:dc:e8:15:78",
                            "id": "terraform-cred",
                            "key_name": "terraform-cred",
                            "public_key": "ssh-rsa AAAAB3NzaC1yc2EAAAADAQABAAABAQDbCkLRGRYzqiwpK/NuHbshSGMjcWk3xMDhXRDgidGWYpTMUA2KRO7IPJ/yVd9UqpnGNS40XfsDn5V8Y55Fhy+QfEY8P5cj1Z+dJdkzD3uAKOWcObtoM+qgnrQNS05Kr/zg666RVEd+m1e5BStqosNXYhoUz2SuOEQ7Y2AD8sOgkpDLdLiqGs4ef1kxM3K3AaB/9L1ULsxZvksyy6Jmk9ZNTJH5XG619ObnUHl7NcDRUYztwZ2QejlJr0Ut4X82qc7l/QIiaawkDl/0u3mvZ7kFkMOBE0iA3HPKvEuJRd1nOlUGjtW+RN8DDT7EeWjMktOPO9W7JjbRW/O8NLzNqrFh terraform@"
                        },
                        "meta": {
                            "schema_version": "1"
                        },
                        "tainted": false
                    },
                    "deposed": [],
                    "provider": "provider.aws"
                },
                "aws_security_group.sg_www_aws": {
                    "type": "aws_security_group",
                    "depends_on": [],
                    "primary": {
                        "id": "sg-629dfe1e",
                        "attributes": {
                            "description": "Used in the terraform",
                            "egress.#": "1",
                            "egress.482069346.cidr_blocks.#": "1",
                            "egress.482069346.cidr_blocks.0": "0.0.0.0/0",
                            "egress.482069346.description": "",
                            "egress.482069346.from_port": "0",
                            "egress.482069346.ipv6_cidr_blocks.#": "0",
                            "egress.482069346.prefix_list_ids.#": "0",
                            "egress.482069346.protocol": "-1",
                            "egress.482069346.security_groups.#": "0",
                            "egress.482069346.self": "false",
                            "egress.482069346.to_port": "0",
                            "id": "sg-629dfe1e",
                            "ingress.#": "2",
                            "ingress.2214680975.cidr_blocks.#": "1",
                            "ingress.2214680975.cidr_blocks.0": "0.0.0.0/0",
                            "ingress.2214680975.description": "",
                            "ingress.2214680975.from_port": "80",
                            "ingress.2214680975.ipv6_cidr_blocks.#": "0",
                            "ingress.2214680975.protocol": "tcp",
                            "ingress.2214680975.security_groups.#": "0",
                            "ingress.2214680975.self": "false",
                            "ingress.2214680975.to_port": "80",
                            "ingress.2541437006.cidr_blocks.#": "1",
                            "ingress.2541437006.cidr_blocks.0": "0.0.0.0/0",
                            "ingress.2541437006.description": "",
                            "ingress.2541437006.from_port": "22",
                            "ingress.2541437006.ipv6_cidr_blocks.#": "0",
                            "ingress.2541437006.protocol": "tcp",
                            "ingress.2541437006.security_groups.#": "0",
                            "ingress.2541437006.self": "false",
                            "ingress.2541437006.to_port": "22",
                            "name": "www",
                            "owner_id": "052202154102",
                            "revoke_rules_on_delete": "false",
                            "tags.%": "0",
                            "vpc_id": "vpc-10fb1f74"
                        },
                        "meta": {
                            "schema_version": "1"
                        },
                        "tainted": false
                    },
                    "deposed": [],
                    "provider": "provider.aws"
                }
            },
            "depends_on": []
        }
    ]
}
