{
    "version": 3,
    "terraform_version": "0.11.1",
    "serial": 3,
    "lineage": "4d162e94-c848-4257-9062-32593fef0a71",
    "modules": [
        {
            "path": [
                "root"
            ],
            "outputs": {},
            "resources": {
                "digitalocean_droplet.www-1": {
                    "type": "digitalocean_droplet",
                    "depends_on": [],
                    "primary": {
                        "id": "75954029",
                        "attributes": {
                            "disk": "20",
                            "id": "75954029",
                            "image": "centos-7-x64",
                            "ipv4_address": "188.166.36.54",
                            "ipv4_address_private": "10.133.34.241",
                            "locked": "false",
                            "name": "www-1",
                            "price_hourly": "0.00744",
                            "price_monthly": "5",
                            "private_networking": "true",
                            "region": "ams3",
                            "resize_disk": "true",
                            "size": "512mb",
                            "ssh_keys.#": "1",
                            "ssh_keys.0": "cf:4e:66:5f:da:1b:25:55:2a:ba:ca:db:75:5a:0f:5b",
                            "status": "active",
                            "tags.#": "0",
                            "vcpus": "1"
                        },
                        "meta": {},
                        "tainted": true
                    },
                    "deposed": [],
                    "provider": "provider.digitalocean"
                }
            },
            "depends_on": []
        }
    ]
}
